
Microsoft Visual Studio Solution File, Format Version 12.00
# Visual Studio Version 17
VisualStudioVersion = 17.5.33627.172
MinimumVisualStudioVersion = 10.0.40219.1
Project("{9A19103F-16F7-4668-BE54-9A1E7A4F7556}") = "ExtractMethodParametersLib", "ExtractMethodParametersLib\ExtractMethodParametersLib.csproj", "{F70E2585-F2FB-4CE7-9BEB-70DA8DD1EA43}"
EndProject
Project("{9A19103F-16F7-4668-BE54-9A1E7A4F7556}") = "ExtractMethodParameters", "ExtractMethodParameters\ExtractMethodParameters.csproj", "{D23E02F1-7244-45D8-8850-FAC7C42A13B8}"
EndProject
Project("{9A19103F-16F7-4668-BE54-9A1E7A4F7556}") = "ExtractMethodParametersDebug", "ExtractMethodParametersDebug\ExtractMethodParametersDebug.csproj", "{C4132481-D824-4F29-9FD2-56A6634AC768}"
EndProject
Global
	GlobalSection(SolutionConfigurationPlatforms) = preSolution
		Debug|Any CPU = Debug|Any CPU
		Release|Any CPU = Release|Any CPU
	EndGlobalSection
	GlobalSection(ProjectConfigurationPlatforms) = postSolution
		{F70E2585-F2FB-4CE7-9BEB-70DA8DD1EA43}.Debug|Any CPU.ActiveCfg = Debug|Any CPU
		{F70E2585-F2FB-4CE7-9BEB-70DA8DD1EA43}.Debug|Any CPU.Build.0 = Debug|Any CPU
		{F70E2585-F2FB-4CE7-9BEB-70DA8DD1EA43}.Release|Any CPU.ActiveCfg = Release|Any CPU
		{F70E2585-F2FB-4CE7-9BEB-70DA8DD1EA43}.Release|Any CPU.Build.0 = Release|Any CPU
		{D23E02F1-7244-45D8-8850-FAC7C42A13B8}.Debug|Any CPU.ActiveCfg = Debug|Any CPU
		{D23E02F1-7244-45D8-8850-FAC7C42A13B8}.Release|Any CPU.ActiveCfg = Release|Any CPU
		{D23E02F1-7244-45D8-8850-FAC7C42A13B8}.Release|Any CPU.Build.0 = Release|Any CPU
		{C4132481-D824-4F29-9FD2-56A6634AC768}.Debug|Any CPU.ActiveCfg = Debug|Any CPU
		{C4132481-D824-4F29-9FD2-56A6634AC768}.Debug|Any CPU.Build.0 = Debug|Any CPU
		{C4132481-D824-4F29-9FD2-56A6634AC768}.Release|Any CPU.ActiveCfg = Release|Any CPU
	EndGlobalSection
	GlobalSection(SolutionProperties) = preSolution
		HideSolutionNode = FALSE
	EndGlobalSection
	GlobalSection(ExtensibilityGlobals) = postSolution
		SolutionGuid = {ABF5D756-A255-4B7C-A975-AAB7B762789A}
	EndGlobalSection
EndGlobal
